
Microsoft Visual Studio Solution File, Format Version 12.00
# Visual Studio Version 17
VisualStudioVersion = 17.5.002.0
MinimumVisualStudioVersion = 10.0.40219.1
Project("{2150E333-8FDC-42A3-9474-1A3956D46DE8}") = "Part-3", "Part-3", "{15282BFF-F7E4-4F9E-921C-092F6DC789D0}"
EndProject
Project("{FAE04EC0-301F-11D3-BF4B-00C04F79EFBC}") = "Class-1", "Part-3\Class-1\Class-1.csproj", "{15B4507B-7E46-43CC-BCC3-0BD6B5A9F037}"
EndProject
Project("{2150E333-8FDC-42A3-9474-1A3956D46DE8}") = "Part-4", "Part-4", "{FF32C6A5-8385-4550-B905-0C0432B751F9}"
EndProject
Project("{FAE04EC0-301F-11D3-BF4B-00C04F79EFBC}") = "Class-1", "Part-4\Class1\Class-1.csproj", "{5AE4BD73-C7F5-484D-A430-4CEF67083E79}"
EndProject
Project("{FAE04EC0-301F-11D3-BF4B-00C04F79EFBC}") = "Class-2", "Part-3\Class-2\Class-2.csproj", "{0628466E-D420-42CA-9D9B-033B37EA9A06}"
EndProject
Project("{FAE04EC0-301F-11D3-BF4B-00C04F79EFBC}") = "Class-3", "Part-3\Class-3\Class-3.csproj", "{7439BD84-BBA4-483E-BFF5-1648C00E46D8}"
EndProject
Project("{FAE04EC0-301F-11D3-BF4B-00C04F79EFBC}") = "Class-4", "Part-3\Class-4\Class-4.csproj", "{88796FE4-A53A-44D0-92A3-9AA80D8D43DD}"
EndProject
Project("{FAE04EC0-301F-11D3-BF4B-00C04F79EFBC}") = "Class-5", "Part-3\Class-5\Class-5.csproj", "{7DD510F5-77C5-4463-A82C-47FB68A1E251}"
EndProject
Project("{FAE04EC0-301F-11D3-BF4B-00C04F79EFBC}") = "Class-2", "Part-4\Class-2\Class-2.csproj", "{A8DA3471-44BE-4F19-9CC6-2DDEBD874D3A}"
EndProject
Project("{FAE04EC0-301F-11D3-BF4B-00C04F79EFBC}") = "Class-3", "Part-4\Class-3\Class-3.csproj", "{0EF2257B-469D-4AD8-B002-211B8643C8F3}"
EndProject
Project("{FAE04EC0-301F-11D3-BF4B-00C04F79EFBC}") = "Class-4", "Part-4\Class-4\Class-4.csproj", "{EADE74E0-3E6C-497B-A36C-DEDC19B3869F}"
EndProject
Global
	GlobalSection(SolutionConfigurationPlatforms) = preSolution
		Debug|Any CPU = Debug|Any CPU
		Debug|x64 = Debug|x64
		Debug|x86 = Debug|x86
		Release|Any CPU = Release|Any CPU
		Release|x64 = Release|x64
		Release|x86 = Release|x86
	EndGlobalSection
	GlobalSection(ProjectConfigurationPlatforms) = postSolution
		{15B4507B-7E46-43CC-BCC3-0BD6B5A9F037}.Debug|Any CPU.ActiveCfg = Debug|Any CPU
		{15B4507B-7E46-43CC-BCC3-0BD6B5A9F037}.Debug|Any CPU.Build.0 = Debug|Any CPU
		{15B4507B-7E46-43CC-BCC3-0BD6B5A9F037}.Debug|x64.ActiveCfg = Debug|Any CPU
		{15B4507B-7E46-43CC-BCC3-0BD6B5A9F037}.Debug|x64.Build.0 = Debug|Any CPU
		{15B4507B-7E46-43CC-BCC3-0BD6B5A9F037}.Debug|x86.ActiveCfg = Debug|Any CPU
		{15B4507B-7E46-43CC-BCC3-0BD6B5A9F037}.Debug|x86.Build.0 = Debug|Any CPU
		{15B4507B-7E46-43CC-BCC3-0BD6B5A9F037}.Release|Any CPU.ActiveCfg = Release|Any CPU
		{15B4507B-7E46-43CC-BCC3-0BD6B5A9F037}.Release|Any CPU.Build.0 = Release|Any CPU
		{15B4507B-7E46-43CC-BCC3-0BD6B5A9F037}.Release|x64.ActiveCfg = Release|Any CPU
		{15B4507B-7E46-43CC-BCC3-0BD6B5A9F037}.Release|x64.Build.0 = Release|Any CPU
		{15B4507B-7E46-43CC-BCC3-0BD6B5A9F037}.Release|x86.ActiveCfg = Release|Any CPU
		{15B4507B-7E46-43CC-BCC3-0BD6B5A9F037}.Release|x86.Build.0 = Release|Any CPU
		{5AE4BD73-C7F5-484D-A430-4CEF67083E79}.Debug|Any CPU.ActiveCfg = Debug|Any CPU
		{5AE4BD73-C7F5-484D-A430-4CEF67083E79}.Debug|Any CPU.Build.0 = Debug|Any CPU
		{5AE4BD73-C7F5-484D-A430-4CEF67083E79}.Debug|x64.ActiveCfg = Debug|Any CPU
		{5AE4BD73-C7F5-484D-A430-4CEF67083E79}.Debug|x64.Build.0 = Debug|Any CPU
		{5AE4BD73-C7F5-484D-A430-4CEF67083E79}.Debug|x86.ActiveCfg = Debug|Any CPU
		{5AE4BD73-C7F5-484D-A430-4CEF67083E79}.Debug|x86.Build.0 = Debug|Any CPU
		{5AE4BD73-C7F5-484D-A430-4CEF67083E79}.Release|Any CPU.ActiveCfg = Release|Any CPU
		{5AE4BD73-C7F5-484D-A430-4CEF67083E79}.Release|Any CPU.Build.0 = Release|Any CPU
		{5AE4BD73-C7F5-484D-A430-4CEF67083E79}.Release|x64.ActiveCfg = Release|Any CPU
		{5AE4BD73-C7F5-484D-A430-4CEF67083E79}.Release|x64.Build.0 = Release|Any CPU
		{5AE4BD73-C7F5-484D-A430-4CEF67083E79}.Release|x86.ActiveCfg = Release|Any CPU
		{5AE4BD73-C7F5-484D-A430-4CEF67083E79}.Release|x86.Build.0 = Release|Any CPU
		{0628466E-D420-42CA-9D9B-033B37EA9A06}.Debug|Any CPU.ActiveCfg = Debug|Any CPU
		{0628466E-D420-42CA-9D9B-033B37EA9A06}.Debug|Any CPU.Build.0 = Debug|Any CPU
		{0628466E-D420-42CA-9D9B-033B37EA9A06}.Debug|x64.ActiveCfg = Debug|Any CPU
		{0628466E-D420-42CA-9D9B-033B37EA9A06}.Debug|x64.Build.0 = Debug|Any CPU
		{0628466E-D420-42CA-9D9B-033B37EA9A06}.Debug|x86.ActiveCfg = Debug|Any CPU
		{0628466E-D420-42CA-9D9B-033B37EA9A06}.Debug|x86.Build.0 = Debug|Any CPU
		{0628466E-D420-42CA-9D9B-033B37EA9A06}.Release|Any CPU.ActiveCfg = Release|Any CPU
		{0628466E-D420-42CA-9D9B-033B37EA9A06}.Release|Any CPU.Build.0 = Release|Any CPU
		{0628466E-D420-42CA-9D9B-033B37EA9A06}.Release|x64.ActiveCfg = Release|Any CPU
		{0628466E-D420-42CA-9D9B-033B37EA9A06}.Release|x64.Build.0 = Release|Any CPU
		{0628466E-D420-42CA-9D9B-033B37EA9A06}.Release|x86.ActiveCfg = Release|Any CPU
		{0628466E-D420-42CA-9D9B-033B37EA9A06}.Release|x86.Build.0 = Release|Any CPU
		{7439BD84-BBA4-483E-BFF5-1648C00E46D8}.Debug|Any CPU.ActiveCfg = Debug|Any CPU
		{7439BD84-BBA4-483E-BFF5-1648C00E46D8}.Debug|Any CPU.Build.0 = Debug|Any CPU
		{7439BD84-BBA4-483E-BFF5-1648C00E46D8}.Debug|x64.ActiveCfg = Debug|Any CPU
		{7439BD84-BBA4-483E-BFF5-1648C00E46D8}.Debug|x64.Build.0 = Debug|Any CPU
		{7439BD84-BBA4-483E-BFF5-1648C00E46D8}.Debug|x86.ActiveCfg = Debug|Any CPU
		{7439BD84-BBA4-483E-BFF5-1648C00E46D8}.Debug|x86.Build.0 = Debug|Any CPU
		{7439BD84-BBA4-483E-BFF5-1648C00E46D8}.Release|Any CPU.ActiveCfg = Release|Any CPU
		{7439BD84-BBA4-483E-BFF5-1648C00E46D8}.Release|Any CPU.Build.0 = Release|Any CPU
		{7439BD84-BBA4-483E-BFF5-1648C00E46D8}.Release|x64.ActiveCfg = Release|Any CPU
		{7439BD84-BBA4-483E-BFF5-1648C00E46D8}.Release|x64.Build.0 = Release|Any CPU
		{7439BD84-BBA4-483E-BFF5-1648C00E46D8}.Release|x86.ActiveCfg = Release|Any CPU
		{7439BD84-BBA4-483E-BFF5-1648C00E46D8}.Release|x86.Build.0 = Release|Any CPU
		{88796FE4-A53A-44D0-92A3-9AA80D8D43DD}.Debug|Any CPU.ActiveCfg = Debug|Any CPU
		{88796FE4-A53A-44D0-92A3-9AA80D8D43DD}.Debug|Any CPU.Build.0 = Debug|Any CPU
		{88796FE4-A53A-44D0-92A3-9AA80D8D43DD}.Debug|x64.ActiveCfg = Debug|Any CPU
		{88796FE4-A53A-44D0-92A3-9AA80D8D43DD}.Debug|x64.Build.0 = Debug|Any CPU
		{88796FE4-A53A-44D0-92A3-9AA80D8D43DD}.Debug|x86.ActiveCfg = Debug|Any CPU
		{88796FE4-A53A-44D0-92A3-9AA80D8D43DD}.Debug|x86.Build.0 = Debug|Any CPU
		{88796FE4-A53A-44D0-92A3-9AA80D8D43DD}.Release|Any CPU.ActiveCfg = Release|Any CPU
		{88796FE4-A53A-44D0-92A3-9AA80D8D43DD}.Release|Any CPU.Build.0 = Release|Any CPU
		{88796FE4-A53A-44D0-92A3-9AA80D8D43DD}.Release|x64.ActiveCfg = Release|Any CPU
		{88796FE4-A53A-44D0-92A3-9AA80D8D43DD}.Release|x64.Build.0 = Release|Any CPU
		{88796FE4-A53A-44D0-92A3-9AA80D8D43DD}.Release|x86.ActiveCfg = Release|Any CPU
		{88796FE4-A53A-44D0-92A3-9AA80D8D43DD}.Release|x86.Build.0 = Release|Any CPU
		{7DD510F5-77C5-4463-A82C-47FB68A1E251}.Debug|Any CPU.ActiveCfg = Debug|Any CPU
		{7DD510F5-77C5-4463-A82C-47FB68A1E251}.Debug|Any CPU.Build.0 = Debug|Any CPU
		{7DD510F5-77C5-4463-A82C-47FB68A1E251}.Debug|x64.ActiveCfg = Debug|Any CPU
		{7DD510F5-77C5-4463-A82C-47FB68A1E251}.Debug|x64.Build.0 = Debug|Any CPU
		{7DD510F5-77C5-4463-A82C-47FB68A1E251}.Debug|x86.ActiveCfg = Debug|Any CPU
		{7DD510F5-77C5-4463-A82C-47FB68A1E251}.Debug|x86.Build.0 = Debug|Any CPU
		{7DD510F5-77C5-4463-A82C-47FB68A1E251}.Release|Any CPU.ActiveCfg = Release|Any CPU
		{7DD510F5-77C5-4463-A82C-47FB68A1E251}.Release|Any CPU.Build.0 = Release|Any CPU
		{7DD510F5-77C5-4463-A82C-47FB68A1E251}.Release|x64.ActiveCfg = Release|Any CPU
		{7DD510F5-77C5-4463-A82C-47FB68A1E251}.Release|x64.Build.0 = Release|Any CPU
		{7DD510F5-77C5-4463-A82C-47FB68A1E251}.Release|x86.ActiveCfg = Release|Any CPU
		{7DD510F5-77C5-4463-A82C-47FB68A1E251}.Release|x86.Build.0 = Release|Any CPU
		{A8DA3471-44BE-4F19-9CC6-2DDEBD874D3A}.Debug|Any CPU.ActiveCfg = Debug|Any CPU
		{A8DA3471-44BE-4F19-9CC6-2DDEBD874D3A}.Debug|Any CPU.Build.0 = Debug|Any CPU
		{A8DA3471-44BE-4F19-9CC6-2DDEBD874D3A}.Debug|x64.ActiveCfg = Debug|Any CPU
		{A8DA3471-44BE-4F19-9CC6-2DDEBD874D3A}.Debug|x64.Build.0 = Debug|Any CPU
		{A8DA3471-44BE-4F19-9CC6-2DDEBD874D3A}.Debug|x86.ActiveCfg = Debug|Any CPU
		{A8DA3471-44BE-4F19-9CC6-2DDEBD874D3A}.Debug|x86.Build.0 = Debug|Any CPU
		{A8DA3471-44BE-4F19-9CC6-2DDEBD874D3A}.Release|Any CPU.ActiveCfg = Release|Any CPU
		{A8DA3471-44BE-4F19-9CC6-2DDEBD874D3A}.Release|Any CPU.Build.0 = Release|Any CPU
		{A8DA3471-44BE-4F19-9CC6-2DDEBD874D3A}.Release|x64.ActiveCfg = Release|Any CPU
		{A8DA3471-44BE-4F19-9CC6-2DDEBD874D3A}.Release|x64.Build.0 = Release|Any CPU
		{A8DA3471-44BE-4F19-9CC6-2DDEBD874D3A}.Release|x86.ActiveCfg = Release|Any CPU
		{A8DA3471-44BE-4F19-9CC6-2DDEBD874D3A}.Release|x86.Build.0 = Release|Any CPU
		{0EF2257B-469D-4AD8-B002-211B8643C8F3}.Debug|Any CPU.ActiveCfg = Debug|Any CPU
		{0EF2257B-469D-4AD8-B002-211B8643C8F3}.Debug|Any CPU.Build.0 = Debug|Any CPU
		{0EF2257B-469D-4AD8-B002-211B8643C8F3}.Debug|x64.ActiveCfg = Debug|Any CPU
		{0EF2257B-469D-4AD8-B002-211B8643C8F3}.Debug|x64.Build.0 = Debug|Any CPU
		{0EF2257B-469D-4AD8-B002-211B8643C8F3}.Debug|x86.ActiveCfg = Debug|Any CPU
		{0EF2257B-469D-4AD8-B002-211B8643C8F3}.Debug|x86.Build.0 = Debug|Any CPU
		{0EF2257B-469D-4AD8-B002-211B8643C8F3}.Release|Any CPU.ActiveCfg = Release|Any CPU
		{0EF2257B-469D-4AD8-B002-211B8643C8F3}.Release|Any CPU.Build.0 = Release|Any CPU
		{0EF2257B-469D-4AD8-B002-211B8643C8F3}.Release|x64.ActiveCfg = Release|Any CPU
		{0EF2257B-469D-4AD8-B002-211B8643C8F3}.Release|x64.Build.0 = Release|Any CPU
		{0EF2257B-469D-4AD8-B002-211B8643C8F3}.Release|x86.ActiveCfg = Release|Any CPU
		{0EF2257B-469D-4AD8-B002-211B8643C8F3}.Release|x86.Build.0 = Release|Any CPU
		{EADE74E0-3E6C-497B-A36C-DEDC19B3869F}.Debug|Any CPU.ActiveCfg = Debug|Any CPU
		{EADE74E0-3E6C-497B-A36C-DEDC19B3869F}.Debug|Any CPU.Build.0 = Debug|Any CPU
		{EADE74E0-3E6C-497B-A36C-DEDC19B3869F}.Debug|x64.ActiveCfg = Debug|Any CPU
		{EADE74E0-3E6C-497B-A36C-DEDC19B3869F}.Debug|x64.Build.0 = Debug|Any CPU
		{EADE74E0-3E6C-497B-A36C-DEDC19B3869F}.Debug|x86.ActiveCfg = Debug|Any CPU
		{EADE74E0-3E6C-497B-A36C-DEDC19B3869F}.Debug|x86.Build.0 = Debug|Any CPU
		{EADE74E0-3E6C-497B-A36C-DEDC19B3869F}.Release|Any CPU.ActiveCfg = Release|Any CPU
		{EADE74E0-3E6C-497B-A36C-DEDC19B3869F}.Release|Any CPU.Build.0 = Release|Any CPU
		{EADE74E0-3E6C-497B-A36C-DEDC19B3869F}.Release|x64.ActiveCfg = Release|Any CPU
		{EADE74E0-3E6C-497B-A36C-DEDC19B3869F}.Release|x64.Build.0 = Release|Any CPU
		{EADE74E0-3E6C-497B-A36C-DEDC19B3869F}.Release|x86.ActiveCfg = Release|Any CPU
		{EADE74E0-3E6C-497B-A36C-DEDC19B3869F}.Release|x86.Build.0 = Release|Any CPU
	EndGlobalSection
	GlobalSection(SolutionProperties) = preSolution
		HideSolutionNode = FALSE
	EndGlobalSection
	GlobalSection(NestedProjects) = preSolution
		{15B4507B-7E46-43CC-BCC3-0BD6B5A9F037} = {15282BFF-F7E4-4F9E-921C-092F6DC789D0}
		{5AE4BD73-C7F5-484D-A430-4CEF67083E79} = {FF32C6A5-8385-4550-B905-0C0432B751F9}
		{0628466E-D420-42CA-9D9B-033B37EA9A06} = {15282BFF-F7E4-4F9E-921C-092F6DC789D0}
		{7439BD84-BBA4-483E-BFF5-1648C00E46D8} = {15282BFF-F7E4-4F9E-921C-092F6DC789D0}
		{88796FE4-A53A-44D0-92A3-9AA80D8D43DD} = {15282BFF-F7E4-4F9E-921C-092F6DC789D0}
		{7DD510F5-77C5-4463-A82C-47FB68A1E251} = {15282BFF-F7E4-4F9E-921C-092F6DC789D0}
		{A8DA3471-44BE-4F19-9CC6-2DDEBD874D3A} = {FF32C6A5-8385-4550-B905-0C0432B751F9}
		{0EF2257B-469D-4AD8-B002-211B8643C8F3} = {FF32C6A5-8385-4550-B905-0C0432B751F9}
		{EADE74E0-3E6C-497B-A36C-DEDC19B3869F} = {FF32C6A5-8385-4550-B905-0C0432B751F9}
	EndGlobalSection
	GlobalSection(ExtensibilityGlobals) = postSolution
		SolutionGuid = {4C82B950-4E81-4BC7-BF52-F204A5CF063F}
	EndGlobalSection
EndGlobal
